{
  "nodes": {
    "nixpkgs": {
      "locked": {
        "lastModified": 1690784552,
        "narHash": "sha256-x1GEaBVdwLnZIcGIE8ItvDlBNWLevNSGZFlxqPwNML0=",
        "owner": "NixOS",
        "repo": "nixpkgs",
        "rev": "6ea628b5c55c431ed54705d904f0a448ae69385d",
        "type": "github"
      },
      "original": {
        "owner": "NixOS",
        "ref": "nixpkgs-unstable",
        "repo": "nixpkgs",
        "type": "github"
      }
    },
    "root": {
      "inputs": {
        "nixpkgs": "nixpkgs"
      }
    }
  },
  "root": "root",
  "version": 7
}
